<Solution>
  <Project Path="backend/Donalty.Core/Donalty.Core.csproj" />
  <Project Path="backend/Donatly.Application/Donatly.Application.csproj" Id="cc070375-b103-4fdf-a13d-e2f5fc5af805" />
  <Project Path="backend/Donatly.Infrastructure/Donatly.Infrastructure.csproj" Id="2c14f167-6c6c-413a-a628-a41e027fa31f" />
  <Project Path="backend/DonatlyAPI/DonatlyAPI.csproj" />
</Solution>
